# This file is automatically @generated by Poetry 2.1.4 and should not be changed by hand.

[[package]]
name = "allure-pytest"
version = "2.15.0"
description = "Allure pytest integration"
optional = true
python-versions = "*"
groups = ["main"]
markers = "extra == \"dev\""
files = [
    {file = "allure_pytest-2.15.0-py3-none-any.whl", hash = "sha256:f33c6ad242995bd27d2b467ee685772904d6941a6a6c9877657e0b8fe97a0ede"},
    {file = "allure_pytest-2.15.0.tar.gz", hash = "sha256:b8f464d3bfeb6cb5e6a77e70eacd1aa3762133677cabece57a07c9f3bcd4b1e8"},
]

[package.dependencies]
allure-python-commons = "2.15.0"
pytest = ">=4.5.0"

[[package]]
name = "allure-python-commons"
version = "2.15.0"
description = "Contains the API for end users as well as helper functions and classes to build Allure adapters for Python test frameworks"
optional = true
python-versions = ">=3.6"
groups = ["main"]
markers = "extra == \"dev\""
files = [
    {file = "allure_python_commons-2.15.0-py3-none-any.whl", hash = "sha256:84ebbbca2e4c147ed151e615f995eb2e0dd688818d06c55df9e8e3ce4de6eeeb"},
    {file = "allure_python_commons-2.15.0.tar.gz", hash = "sha256:4f639c8bb4b79df0d94f1baa88782c9399be3f45fd839ae583a314a5d451b978"},
]

[package.dependencies]
attrs = ">=16.0.0"
pluggy = ">=0.4.0"

[[package]]
name = "attrs"
version = "25.4.0"
description = "Classes Without Boilerplate"
optional = true
python-versions = ">=3.9"
groups = ["main"]
markers = "extra == \"dev\""
files = [
    {file = "attrs-25.4.0-py3-none-any.whl", hash = "sha256:adcf7e2a1fb3b36ac48d97835bb6d8ade15b8dcce26aba8bf1d14847b57a3373"},
    {file = "attrs-25.4.0.tar.gz", hash = "sha256:16d5969b87f0859ef33a48b35d55ac1be6e42ae49d5e853b597db70c35c57e11"},
]

[[package]]
name = "colorama"
version = "0.4.6"
description = "Cross-platform colored terminal text."
optional = true
python-versions = "!=3.0.*,!=3.1.*,!=3.2.*,!=3.3.*,!=3.4.*,!=3.5.*,!=3.6.*,>=2.7"
groups = ["main"]
markers = "extra == \"dev\" and sys_platform == \"win32\""
files = [
    {file = "colorama-0.4.6-py2.py3-none-any.whl", hash = "sha256:4f1d9991f5acc0ca119f9d443620b77f9d6b33703e51011c16baf57afb285fc6"},
    {file = "colorama-0.4.6.tar.gz", hash = "sha256:08695f5cb7ed6e0531a20572697297273c47b8cae5a63ffc6d6ed5c201be6e44"},
]

[[package]]
name = "faker"
version = "37.12.0"
description = "Faker is a Python package that generates fake data for you."
optional = false
python-versions = ">=3.9"
groups = ["main"]
files = [
    {file = "faker-37.12.0-py3-none-any.whl", hash = "sha256:afe7ccc038da92f2fbae30d8e16d19d91e92e242f8401ce9caf44de892bab4c4"},
    {file = "faker-37.12.0.tar.gz", hash = "sha256:7505e59a7e02fa9010f06c3e1e92f8250d4cfbb30632296140c2d6dbef09b0fa"},
]

[package.dependencies]
tzdata = "*"

[[package]]
name = "flake8"
version = "7.3.0"
description = "the modular source code checker: pep8 pyflakes and co"
optional = true
python-versions = ">=3.9"
groups = ["main"]
markers = "extra == \"dev\""
files = [
    {file = "flake8-7.3.0-py2.py3-none-any.whl", hash = "sha256:b9696257b9ce8beb888cdbe31cf885c90d31928fe202be0889a7cdafad32f01e"},
    {file = "flake8-7.3.0.tar.gz", hash = "sha256:fe044858146b9fc69b551a4b490d69cf960fcb78ad1edcb84e7fbb1b4a8e3872"},
]

[package.dependencies]
mccabe = ">=0.7.0,<0.8.0"
pycodestyle = ">=2.14.0,<2.15.0"
pyflakes = ">=3.4.0,<3.5.0"

[[package]]
name = "flake8-builtins"
version = "3.1.0"
description = "Check for python builtins being used as variables or parameters"
optional = true
python-versions = ">=3.10"
groups = ["main"]
markers = "extra == \"dev\""
files = [
    {file = "flake8_builtins-3.1.0-py3-none-any.whl", hash = "sha256:ac09803ddfcce7f67899d24b1ecf4f4bff303d8ebc07a0dde4a2a587cf9d9363"},
    {file = "flake8_builtins-3.1.0.tar.gz", hash = "sha256:10d29d7a81ba6546a26461e83ce1936644764a678ff6337b97a894ebc4db07c1"},
]

[package.dependencies]
flake8 = "*"

[package.extras]
test = ["pytest"]

[[package]]
name = "iniconfig"
version = "2.3.0"
description = "brain-dead simple config-ini parsing"
optional = true
python-versions = ">=3.10"
groups = ["main"]
markers = "extra == \"dev\""
files = [
    {file = "iniconfig-2.3.0-py3-none-any.whl", hash = "sha256:f631c04d2c48c52b84d0d0549c99ff3859c98df65b3101406327ecc7d53fbf12"},
    {file = "iniconfig-2.3.0.tar.gz", hash = "sha256:c76315c77db068650d49c5b56314774a7804df16fee4402c1f19d6d15d8c4730"},
]

[[package]]
name = "mccabe"
version = "0.7.0"
description = "McCabe checker, plugin for flake8"
optional = true
python-versions = ">=3.6"
groups = ["main"]
markers = "extra == \"dev\""
files = [
    {file = "mccabe-0.7.0-py2.py3-none-any.whl", hash = "sha256:6c2d30ab6be0e4a46919781807b4f0d834ebdd6c6e3dca0bda5a15f863427b6e"},
    {file = "mccabe-0.7.0.tar.gz", hash = "sha256:348e0240c33b60bbdf4e523192ef919f28cb2c3d7d5c7794f74009290f236325"},
]

[[package]]
name = "packaging"
version = "25.0"
description = "Core utilities for Python packages"
optional = true
python-versions = ">=3.8"
groups = ["main"]
markers = "extra == \"dev\""
files = [
    {file = "packaging-25.0-py3-none-any.whl", hash = "sha256:29572ef2b1f17581046b3a2227d5c611fb25ec70ca1ba8554b24b0e69331a484"},
    {file = "packaging-25.0.tar.gz", hash = "sha256:d443872c98d677bf60f6a1f2f8c1cb748e8fe762d2bf9d3148b5599295b0fc4f"},
]

[[package]]
name = "pluggy"
version = "1.6.0"
description = "plugin and hook calling mechanisms for python"
optional = true
python-versions = ">=3.9"
groups = ["main"]
markers = "extra == \"dev\""
files = [
    {file = "pluggy-1.6.0-py3-none-any.whl", hash = "sha256:e920276dd6813095e9377c0bc5566d94c932c33b27a3e3945d8389c374dd4746"},
    {file = "pluggy-1.6.0.tar.gz", hash = "sha256:7dcc130b76258d33b90f61b658791dede3486c3e6bfb003ee5c9bfb396dd22f3"},
]

[package.extras]
dev = ["pre-commit", "tox"]
testing = ["coverage", "pytest", "pytest-benchmark"]

[[package]]
name = "pycodestyle"
version = "2.14.0"
description = "Python style guide checker"
optional = true
python-versions = ">=3.9"
groups = ["main"]
markers = "extra == \"dev\""
files = [
    {file = "pycodestyle-2.14.0-py2.py3-none-any.whl", hash = "sha256:dd6bf7cb4ee77f8e016f9c8e74a35ddd9f67e1d5fd4184d86c3b98e07099f42d"},
    {file = "pycodestyle-2.14.0.tar.gz", hash = "sha256:c4b5b517d278089ff9d0abdec919cd97262a3367449ea1c8b49b91529167b783"},
]

[[package]]
name = "pyflakes"
version = "3.4.0"
description = "passive checker of Python programs"
optional = true
python-versions = ">=3.9"
groups = ["main"]
markers = "extra == \"dev\""
files = [
    {file = "pyflakes-3.4.0-py2.py3-none-any.whl", hash = "sha256:f742a7dbd0d9cb9ea41e9a24a918996e8170c799fa528688d40dd582c8265f4f"},
    {file = "pyflakes-3.4.0.tar.gz", hash = "sha256:b24f96fafb7d2ab0ec5075b7350b3d2d2218eab42003821c06344973d3ea2f58"},
]

[[package]]
name = "pygments"
version = "2.19.2"
description = "Pygments is a syntax highlighting package written in Python."
optional = true
python-versions = ">=3.8"
groups = ["main"]
markers = "extra == \"dev\""
files = [
    {file = "pygments-2.19.2-py3-none-any.whl", hash = "sha256:86540386c03d588bb81d44bc3928634ff26449851e99741617ecb9037ee5ec0b"},
    {file = "pygments-2.19.2.tar.gz", hash = "sha256:636cb2477cec7f8952536970bc533bc43743542f70392ae026374600add5b887"},
]

[package.extras]
windows-terminal = ["colorama (>=0.4.6)"]

[[package]]
name = "pytest"
version = "8.4.2"
description = "pytest: simple powerful testing with Python"
optional = true
python-versions = ">=3.9"
groups = ["main"]
markers = "extra == \"dev\""
files = [
    {file = "pytest-8.4.2-py3-none-any.whl", hash = "sha256:872f880de3fc3a5bdc88a11b39c9710c3497a547cfa9320bc3c5e62fbf272e79"},
    {file = "pytest-8.4.2.tar.gz", hash = "sha256:86c0d0b93306b961d58d62a4db4879f27fe25513d4b969df351abdddb3c30e01"},
]

[package.dependencies]
colorama = {version = ">=0.4", markers = "sys_platform == \"win32\""}
iniconfig = ">=1"
packaging = ">=20"
pluggy = ">=1.5,<2"
pygments = ">=2.7.2"

[package.extras]
dev = ["argcomplete", "attrs (>=19.2)", "hypothesis (>=3.56)", "mock", "requests", "setuptools", "xmlschema"]

[[package]]
name = "tzdata"
version = "2025.2"
description = "Provider of IANA time zone data"
optional = false
python-versions = ">=2"
groups = ["main"]
files = [
    {file = "tzdata-2025.2-py2.py3-none-any.whl", hash = "sha256:1a403fada01ff9221ca8044d701868fa132215d84beb92242d9acd2147f667a8"},
    {file = "tzdata-2025.2.tar.gz", hash = "sha256:b60a638fcc0daffadf82fe0f57e53d06bdec2f36c4df66280ae79bce6bd6f2b9"},
]

[extras]
dev = ["allure-pytest", "flake8", "flake8-builtins"]

[metadata]
lock-version = "2.1"
python-versions = ">=3.12"
content-hash = "ae9f21825ee24747aa3f86f20fca9a31e2fd93a2f8a5bb9531d1f8e20f96b40d"
